version = 1
revision = 1
requires-python = ">=3.8"

[[package]]
name = "pygeohash"
version = "3.3.0"
source = { registry = "https://pypi.org/simple" }
sdist = { url = "https://files.pythonhosted.org/packages/7a/6a/95f1b9a40099a4e40b1f53ad154ed06f1b657cf7e37f99d946cdbe595ea8/pygeohash-3.3.0.tar.gz", hash = "sha256:5202bb0a8d1a7dca80ab398811de6514f773790b917961f66bae3b7190cf665c", size = 41460 }
wheels = [
    { url = "https://files.pythonhosted.org/packages/0d/ad/50bc326668ef3c517eae41d1c9a5f50a67072f1dd2f66cd39499913f232f/pygeohash-3.3.0-cp310-cp310-macosx_10_9_x86_64.whl", hash = "sha256:211cd5b92c8a6276957eeafcfd529c0f6d3f610ae73b2dcb29a3aa6db37b3996", size = 32535 },
    { url = "https://files.pythonhosted.org/packages/b8/05/58faf019cb909e8e342f3f92139f247f94e727337c141aa08f550fa6716a/pygeohash-3.3.0-cp310-cp310-macosx_11_0_arm64.whl", hash = "sha256:b42fa659e9d5779d1cfdeec898034a72a49f1ee8da119f3a05542cba75e199ab", size = 32963 },
    { url = "https://files.pythonhosted.org/packages/bc/4a/08c58dd2b206e25258599658855fbb2f175023f679cf13a487308e68374e/pygeohash-3.3.0-cp310-cp310-manylinux1_x86_64.manylinux_2_28_x86_64.manylinux_2_5_x86_64.whl", hash = "sha256:c63fbf542b6d9c208e78c37267fec4b49f222855d4b8b79d8d3437df78a69247", size = 43799 },
    { url = "https://files.pythonhosted.org/packages/61/32/b2ebafa7bda6c78c58f4f45ed535b630e4f1ddfde23a72299a822d670ffc/pygeohash-3.3.0-cp310-cp310-manylinux2014_aarch64.manylinux_2_17_aarch64.manylinux_2_28_aarch64.whl", hash = "sha256:02ff2714282070456790b0ce6b503c82ead545253e2ba2586a186c43b408b445", size = 45263 },
    { url = "https://files.pythonhosted.org/packages/1f/a0/2b460ce81a3427f63d490b4d73bdd34e68df655e59fcce6b416906db22b0/pygeohash-3.3.0-cp310-cp310-win32.whl", hash = "sha256:12e36705bc7a1b474852d9af678571792c0bc94fa6d20ab2e2843e37ea44d4eb", size = 34897 },
    { url = "https://files.pythonhosted.org/packages/ca/16/2a778cd4fdccb22bdb3c3e1b5490143cd345410bfb0349e4193b1117b346/pygeohash-3.3.0-cp310-cp310-win_amd64.whl", hash = "sha256:cc7099e3c63f6d7e9d07fcaee25e6e538cfbf8c734a4c2ce102da4cc3665b7f0", size = 35835 },
    { url = "https://files.pythonhosted.org/packages/f3/71/0e0b869da025dceb8c45399cdbf7c4b8833fe053107a5b0f504fa26cb5cb/pygeohash-3.3.0-cp311-cp311-macosx_10_9_x86_64.whl", hash = "sha256:556cf875d95be05b78cd252f7ee7c918e007b0ba6a7a4764e6467467190178eb", size = 32536 },
    { url = "https://files.pythonhosted.org/packages/7e/41/eb828b297e5a1820c79b478250ff773c7c34b6418d71fe5fd60060484dc4/pygeohash-3.3.0-cp311-cp311-macosx_11_0_arm64.whl", hash = "sha256:b39596cdcaea8fa7a6555dc50ce82054a936a5c3eb8aae4f884446f803ee0435", size = 32963 },
    { url = "https://files.pythonhosted.org/packages/a3/7f/629f2a3d7a173f740b9ed0dabf03ede3d7e97361f0ffcf75473c41c05b1f/pygeohash-3.3.0-cp311-cp311-manylinux1_x86_64.manylinux_2_28_x86_64.manylinux_2_5_x86_64.whl", hash = "sha256:8b06102ee8a2204ca834aa2a6a875b8e1cacd85a122340df04e68d54746a11d3", size = 43824 },
    { url = "https://files.pythonhosted.org/packages/56/1c/e826fb503f0d8547fb921cd2640e7429d38a8d86dd17bedce9166e36626d/pygeohash-3.3.0-cp311-cp311-manylinux2014_aarch64.manylinux_2_17_aarch64.manylinux_2_28_aarch64.whl", hash = "sha256:0d8ccb07d42ef6d3a88f91ab31a907ef65010c30a3255509044f530323d7c423", size = 45269 },
    { url = "https://files.pythonhosted.org/packages/bb/35/97edb7e2f2fd480d3e71598dfcc9410e111263f7039a1ada9eefc80faeff/pygeohash-3.3.0-cp311-cp311-win32.whl", hash = "sha256:1031a58d4b30950eb9293f5e88c382f6cdc352ff65dc20bf43f6df8737481c2d", size = 34893 },
    { url = "https://files.pythonhosted.org/packages/34/e7/920467324b9a9396fb6337ac275fa4476e8dd7cbeb2ca2709c26447c22de/pygeohash-3.3.0-cp311-cp311-win_amd64.whl", hash = "sha256:6cc68294aa02e7c01c5b49ae793ad80edcc2804d57b75de26f3a1b08d6e1e1ab", size = 35837 },
    { url = "https://files.pythonhosted.org/packages/8c/ec/c29a52285ee10eaa5b61eaf7b32ddafdd70fcec0a12a92e8f6fa92aeb487/pygeohash-3.3.0-cp312-cp312-macosx_10_13_x86_64.whl", hash = "sha256:f5925d14e1fe209f03663b328ca1bc4a6bbd493a2a612ac78c6f9b839d913825", size = 32597 },
    { url = "https://files.pythonhosted.org/packages/8b/79/bdddc57fad5971e95b84d96512575bf4c14b686700e39279d8f00f366889/pygeohash-3.3.0-cp312-cp312-macosx_11_0_arm64.whl", hash = "sha256:008f98d82c675097b932e5ae062dff5ccdfb5cdfbf65fb5a77cc4be992746192", size = 32982 },
    { url = "https://files.pythonhosted.org/packages/7f/66/9c91822c11d43cda4ae746b168a82632de777f9e27ae67dd448c1a481927/pygeohash-3.3.0-cp312-cp312-manylinux1_x86_64.manylinux_2_28_x86_64.manylinux_2_5_x86_64.whl", hash = "sha256:5ebef51ce716e424c0480a4b91b84a8068c29bf19d2238ca236f125386428b6e", size = 44299 },
    { url = "https://files.pythonhosted.org/packages/02/e4/a22870c3d3f79814c2b695f4235557d4304c5ee6a57acebc6dd6043da409/pygeohash-3.3.0-cp312-cp312-manylinux2014_aarch64.manylinux_2_17_aarch64.manylinux_2_28_aarch64.whl", hash = "sha256:43bdb8450dad5ae745871ed372633a0bcb8cdc4d72d93e75f9185afaf249e1bc", size = 45793 },
    { url = "https://files.pythonhosted.org/packages/1a/ef/4015f58b3d9e8522d8fc7c301fa32c2033462dfa34509c047be7c15e0891/pygeohash-3.3.0-cp312-cp312-win32.whl", hash = "sha256:b133bc304cf7838b95d5a3f70b860b1994c4a5dcfa8deaf3bf0791e463534327", size = 34876 },
    { url = "https://files.pythonhosted.org/packages/22/c8/1daee48d8241f036889f6fc25d111e76b0e3a3ee8a4d01b1a8b9e563d778/pygeohash-3.3.0-cp312-cp312-win_amd64.whl", hash = "sha256:d42ec15d27186d8ec119ccf042dfc3b52b5fe86c1142985b43551365d625520e", size = 35843 },
    { url = "https://files.pythonhosted.org/packages/f4/01/320364fac54404c9f3c3fe929040cc921688dbfd7654a2bdccdd5864962f/pygeohash-3.3.0-cp313-cp313-macosx_10_13_x86_64.whl", hash = "sha256:17e108b9a23c84ff6a5b8ab5019c83abef566652ab441a210cc3695467270ff7", size = 32604 },
    { url = "https://files.pythonhosted.org/packages/89/fa/37934071ef427e3d61d8dac66afe91dcb0e918f9dd066ae2d280de100e2e/pygeohash-3.3.0-cp313-cp313-macosx_11_0_arm64.whl", hash = "sha256:7b65a569c42cc94b2c96ae8402c304e4480c6951b565c46090097ed9e09778c8", size = 32984 },
    { url = "https://files.pythonhosted.org/packages/10/6c/882986e2c519e51150867c99095756d956786aec23df8a9da239fe3a3cdd/pygeohash-3.3.0-cp313-cp313-manylinux1_x86_64.manylinux_2_28_x86_64.manylinux_2_5_x86_64.whl", hash = "sha256:1c3e7c5b6973aae7e67eaa5bdd6e2b7d732d1612664f774297e99c606adc0335", size = 44353 },
    { url = "https://files.pythonhosted.org/packages/62/e7/ad5ca3e90c4e872569af6f2f0e4b5ca013baf8e8cdc61ab26786f70dbf1a/pygeohash-3.3.0-cp313-cp313-manylinux2014_aarch64.manylinux_2_17_aarch64.manylinux_2_28_aarch64.whl", hash = "sha256:2adfd662df474fcede7227c8602bc8e1515cd79f1d6a3c1776a29953db22a92d", size = 45844 },
    { url = "https://files.pythonhosted.org/packages/18/5d/da4f649fd144ba6c03e4fb4aea004c5b1999eb577308b7f51406b06ebe5e/pygeohash-3.3.0-cp313-cp313-win32.whl", hash = "sha256:ff17b1422933823c28877f541e46b096d6ef62f6d37e08e63b9046a36d967fd5", size = 34870 },
    { url = "https://files.pythonhosted.org/packages/4a/28/7cf209396f6db3187057f6d59479133e54ce64699bbf5a4f2122023afd16/pygeohash-3.3.0-cp313-cp313-win_amd64.whl", hash = "sha256:b6b66b750964dea10dab3ad741985c6a0408727b47a59ca2fe0a6d3e127c68c6", size = 35839 },
    { url = "https://files.pythonhosted.org/packages/a5/25/4c2fd11676fcefb13fc5445ebee63c6b8b489d3c80a0114110699fb226d7/pygeohash-3.3.0-cp314-cp314-macosx_10_15_x86_64.whl", hash = "sha256:ff624fccb9171abbc96ffc7e1360ed4923d91a92a3b3e7da5e788a50d693d298", size = 32656 },
    { url = "https://files.pythonhosted.org/packages/8d/e5/a6634e4d56e3fc30d848ec25114e92bd0aee8ead4b0c27dc82281922340e/pygeohash-3.3.0-cp314-cp314-macosx_11_0_arm64.whl", hash = "sha256:efb7ddd0d8f4c87fc7f2db7fb0fcc720cbc34be8398b4f4151861f7a2456576c", size = 32992 },
    { url = "https://files.pythonhosted.org/packages/75/54/efbd1bfe2a89fb3d4bf022829c5f967c539146d9d3e3c129a74626397639/pygeohash-3.3.0-cp314-cp314-manylinux1_x86_64.manylinux_2_28_x86_64.manylinux_2_5_x86_64.whl", hash = "sha256:0208f334eee9c0b66a9fdbc839fa0114a7365cfdd696345310c626e9bc3b4d73", size = 44428 },
    { url = "https://files.pythonhosted.org/packages/95/bc/19a2ea55f50a2509e926cc4f30811ba4da7f10f72e44d8df77186801bb49/pygeohash-3.3.0-cp314-cp314-manylinux2014_aarch64.manylinux_2_17_aarch64.manylinux_2_28_aarch64.whl", hash = "sha256:b0226682e360db2de1bd96e3df23888e53e6b2a49042744cef3459849b9dd9bc", size = 45898 },
    { url = "https://files.pythonhosted.org/packages/3b/1d/39657d553321b395a0529dd4cfe0a61cd0bfdf25ff492734143587ef83af/pygeohash-3.3.0-cp314-cp314-win32.whl", hash = "sha256:f29c27ab42cec4927acc2a8b8c139e24f3eba239defc35f6719daa097ac25388", size = 35161 },
    { url = "https://files.pythonhosted.org/packages/23/a8/d0e15d99a22710485b777c7b49e27e9d9502fb4306bdddb8237c27177caf/pygeohash-3.3.0-cp314-cp314-win_amd64.whl", hash = "sha256:6d558cf39d7426b38a874dc01cc6341488f1cef5cb096f0008846bea8a7da77d", size = 36183 },
    { url = "https://files.pythonhosted.org/packages/55/36/f1a50f93971299f5e45cfadcc8dd2a5f86141d8742c762ff7870e9f4ef7f/pygeohash-3.3.0-cp314-cp314t-macosx_10_15_x86_64.whl", hash = "sha256:b641e329f5e8b51806d98d823f98671ff7a65a813776032ca35cb650bb3355d6", size = 32804 },
    { url = "https://files.pythonhosted.org/packages/f0/65/e8268d6db4c3bdf61a649cf27886fd62f2b74c7c34914e707f18ad9b6290/pygeohash-3.3.0-cp314-cp314t-macosx_11_0_arm64.whl", hash = "sha256:68ab12799fe33a4850c751d4a6b3b9160ee0565d6d88368cbe8e65b2db523904", size = 33120 },
    { url = "https://files.pythonhosted.org/packages/60/2c/c13eb25ab7b81fc4f1554018c8687f2145cde4327712a2181825b20d978c/pygeohash-3.3.0-cp314-cp314t-manylinux1_x86_64.manylinux_2_28_x86_64.manylinux_2_5_x86_64.whl", hash = "sha256:55be58a049b3951a3d5003d765a41eadb33af1e5f4ac8d2f3b705b2d40da5c63", size = 45791 },
    { url = "https://files.pythonhosted.org/packages/03/20/235df9c3d18b17322adbc4ca051812a9d14e32bee482a6c7a9fb6f954d39/pygeohash-3.3.0-cp314-cp314t-manylinux2014_aarch64.manylinux_2_17_aarch64.manylinux_2_28_aarch64.whl", hash = "sha256:873872583f4961ef99488fad1fee56a4b9ba627b756f2b1556db3ccba4e75b51", size = 47375 },
    { url = "https://files.pythonhosted.org/packages/e5/36/f48b3f3da631eafe06f4bb3332035ba112afee16eee7940c021218f3b648/pygeohash-3.3.0-cp314-cp314t-win32.whl", hash = "sha256:1ff9420d5906ce3767aef6d0f477f4b398819c3a2932d066d7e6a08e534a5ddc", size = 35349 },
    { url = "https://files.pythonhosted.org/packages/71/2e/bbb06f819c48184df65061877c57b03722f42d905a815f2d85bbdc7eee26/pygeohash-3.3.0-cp314-cp314t-win_amd64.whl", hash = "sha256:cb2b0207a2f027d745f3f0f7cea49bde7e84fc07b7a1ca9df4135d1a7677829d", size = 36351 },
    { url = "https://files.pythonhosted.org/packages/ee/6b/a3246e5b440512d8cb23efc09efd973015bb415d32a6967b9956f0707eeb/pygeohash-3.3.0-cp38-cp38-macosx_10_9_x86_64.whl", hash = "sha256:429dbfe8acba367b98098ec5355625f282eecefe002dc808006efda238f32b3b", size = 32322 },
    { url = "https://files.pythonhosted.org/packages/ec/11/ba7417df3b7ec786da5c0eddb16d36560ccacf221c831b8c17d6660d3b00/pygeohash-3.3.0-cp38-cp38-macosx_11_0_arm64.whl", hash = "sha256:d51f44fa59c6a8dc6576ea331acbb3a249e130e19c7e492ce1fe4de851d25849", size = 32748 },
    { url = "https://files.pythonhosted.org/packages/3a/ca/8e2e914adb8493fae2e885f4c671a7395ed2f9b45052169a948554bf3b30/pygeohash-3.3.0-cp38-cp38-manylinux1_x86_64.manylinux_2_28_x86_64.manylinux_2_5_x86_64.whl", hash = "sha256:01453f825c92f5d98aa1bad1e5d45fff0a876ae1013f361256ed10dd84d24fa3", size = 44255 },
    { url = "https://files.pythonhosted.org/packages/95/6a/d1b5cfb1a707dbc6ec2cade01d97297cbb1f842adde7d98eb71506ad584e/pygeohash-3.3.0-cp38-cp38-manylinux2014_aarch64.manylinux_2_17_aarch64.manylinux_2_28_aarch64.whl", hash = "sha256:b54af960414d5a13a9370f18a3c79230e5501ccf8a3532ec4c2d19f9b8f86cff", size = 45765 },
    { url = "https://files.pythonhosted.org/packages/9a/1a/cd65f998676557195ae05ab619ad78e4c24c0cfb55b2a16eadd167eb23bd/pygeohash-3.3.0-cp38-cp38-win32.whl", hash = "sha256:35db6a2958340731d519702858cff39f5a4bfcd233fa1167fbb00dad9bdee862", size = 34838 },
    { url = "https://files.pythonhosted.org/packages/27/8c/ffd4750d8025fbc4edef35ba7fd5b1a362ccad627248d5d0654915e6a1a1/pygeohash-3.3.0-cp38-cp38-win_amd64.whl", hash = "sha256:57a8aee863dae728a838f6cd6411f0f19fc02b2b13c8054f012bf6fed80b05ec", size = 35777 },
    { url = "https://files.pythonhosted.org/packages/3a/75/a5acc7fed425ddae773d0c25424bfc9ecef70c4726b380d77a3caf3bf7bc/pygeohash-3.3.0-cp39-cp39-macosx_10_9_x86_64.whl", hash = "sha256:ae7b60d5f1c453d5d7b1f81ed101ca5c073c7de8927e0a127fb8e2a1db7cd687", size = 32536 },
    { url = "https://files.pythonhosted.org/packages/c3/b8/d7d382c3e80b8f3a3d047aabc5edb65a0d4cb686f569e7e1480f0d7a33d1/pygeohash-3.3.0-cp39-cp39-macosx_11_0_arm64.whl", hash = "sha256:508c0240180bc762b57a7330329c47ec7dce7b7aaf4c9a7b7064950001dc5f40", size = 32963 },
    { url = "https://files.pythonhosted.org/packages/f0/50/af3b7fe6981697e58457dc7cf0666a85320bb43325f3c70de43c7c631e7d/pygeohash-3.3.0-cp39-cp39-manylinux1_x86_64.manylinux_2_28_x86_64.manylinux_2_5_x86_64.whl", hash = "sha256:df97f34bbde19b03af8388284a1eb684c5980fcc237133d0831c2e70f118078e", size = 43645 },
    { url = "https://files.pythonhosted.org/packages/cb/9c/710f67e16a573e557755f571eff4bed16f9e02d5d216379b02c983265f16/pygeohash-3.3.0-cp39-cp39-manylinux2014_aarch64.manylinux_2_17_aarch64.manylinux_2_28_aarch64.whl", hash = "sha256:b3f8bd43e98d1f07c9edf0543896ae037b34348e829c7a66fc707deba8f530aa", size = 45108 },
    { url = "https://files.pythonhosted.org/packages/10/0b/d576894d265ca19298d49a1aada5274028ff5a473d1d163e45ca68ef2ebc/pygeohash-3.3.0-cp39-cp39-win32.whl", hash = "sha256:74118f050ffe52513758a8ff4f4f3c8a7acef86b1cf339526d6e07147ddc5dc9", size = 34889 },
    { url = "https://files.pythonhosted.org/packages/3f/41/a45fb0d54de95a8711cfebc97d0daa6fef45521bf76227ad90095f37c0a3/pygeohash-3.3.0-cp39-cp39-win_amd64.whl", hash = "sha256:274aa10a68cb3d2f3462d535dbca8cae26428c657b2fe9216e56a350d69f3983", size = 35830 },
]

[[package]]
name = "spatial-lookup"
version = "0.1.0"
source = { editable = "." }
dependencies = [
    { name = "pygeohash" },
]

[package.metadata]
requires-dist = [{ name = "pygeohash", specifier = ">=3.3.0" }]
